
Microsoft Visual Studio Solution File, Format Version 12.00
# Visual Studio Version 17
VisualStudioVersion = 17.4.33213.308
MinimumVisualStudioVersion = 10.0.40219.1
Project("{FAE04EC0-301F-11D3-BF4B-00C04F79EFBC}") = "SWGSourceLauncher", "SWGSourceLauncher\SWGSourceLauncher.csproj", "{15EFA0BC-1BC8-4E49-958B-60AC0D463A9D}"
EndProject
Global
	GlobalSection(SolutionConfigurationPlatforms) = preSolution
		Debug|Any CPU = Debug|Any CPU
		Release|Any CPU = Release|Any CPU
	EndGlobalSection
	GlobalSection(ProjectConfigurationPlatforms) = postSolution
		{15EFA0BC-1BC8-4E49-958B-60AC0D463A9D}.Debug|Any CPU.ActiveCfg = Debug|Any CPU
		{15EFA0BC-1BC8-4E49-958B-60AC0D463A9D}.Debug|Any CPU.Build.0 = Debug|Any CPU
		{15EFA0BC-1BC8-4E49-958B-60AC0D463A9D}.Release|Any CPU.ActiveCfg = Release|Any CPU
		{15EFA0BC-1BC8-4E49-958B-60AC0D463A9D}.Release|Any CPU.Build.0 = Release|Any CPU
	EndGlobalSection
	GlobalSection(SolutionProperties) = preSolution
		HideSolutionNode = FALSE
	EndGlobalSection
	GlobalSection(ExtensibilityGlobals) = postSolution
		SolutionGuid = {1B2A8DFB-A1FA-4751-A600-F8EF7717D1E7}
	EndGlobalSection
EndGlobal
